// !$*UTF8*$!
{
	archiveVersion = 1;
	classes = {
	};
	objectVersion = 56;
	objects = {

/* Begin PBXBuildFile section */
		914B830A2AA44FA60035D2AF /* InstagramFireStoreApp.swift in Sources */ = {isa = PBXBuildFile; fileRef = 914B83092AA44FA60035D2AF /* InstagramFireStoreApp.swift */; };
		914B830E2AA44FA80035D2AF /* Assets.xcassets in Resources */ = {isa = PBXBuildFile; fileRef = 914B830D2AA44FA80035D2AF /* Assets.xcassets */; };
		914B83122AA44FA80035D2AF /* Preview Assets.xcassets in Resources */ = {isa = PBXBuildFile; fileRef = 914B83112AA44FA80035D2AF /* Preview Assets.xcassets */; };
		914B831C2AA44FA80035D2AF /* InstagramFireStoreTests.swift in Sources */ = {isa = PBXBuildFile; fileRef = 914B831B2AA44FA80035D2AF /* InstagramFireStoreTests.swift */; };
		914B83262AA44FA80035D2AF /* InstagramFireStoreUITests.swift in Sources */ = {isa = PBXBuildFile; fileRef = 914B83252AA44FA80035D2AF /* InstagramFireStoreUITests.swift */; };
		914B83282AA44FA80035D2AF /* InstagramFireStoreUITestsLaunchTests.swift in Sources */ = {isa = PBXBuildFile; fileRef = 914B83272AA44FA80035D2AF /* InstagramFireStoreUITestsLaunchTests.swift */; };
		914B83492AA458770035D2AF /* ContentView.swift in Sources */ = {isa = PBXBuildFile; fileRef = 914B83482AA458770035D2AF /* ContentView.swift */; };
		914B834B2AA458C20035D2AF /* MainTabView.swift in Sources */ = {isa = PBXBuildFile; fileRef = 914B834A2AA458C20035D2AF /* MainTabView.swift */; };
		914B834D2AA458EA0035D2AF /* FeedView.swift in Sources */ = {isa = PBXBuildFile; fileRef = 914B834C2AA458EA0035D2AF /* FeedView.swift */; };
		914B83502AA4591C0035D2AF /* SearchView.swift in Sources */ = {isa = PBXBuildFile; fileRef = 914B834F2AA4591C0035D2AF /* SearchView.swift */; };
		914B83522AA459300035D2AF /* NotificationView.swift in Sources */ = {isa = PBXBuildFile; fileRef = 914B83512AA459300035D2AF /* NotificationView.swift */; };
		914B83542AA4593E0035D2AF /* ProfileView.swift in Sources */ = {isa = PBXBuildFile; fileRef = 914B83532AA4593E0035D2AF /* ProfileView.swift */; };
		914B83562AA4595C0035D2AF /* UploadPostView.swift in Sources */ = {isa = PBXBuildFile; fileRef = 914B83552AA4595C0035D2AF /* UploadPostView.swift */; };
		914B83582AA45C560035D2AF /* FeedCell.swift in Sources */ = {isa = PBXBuildFile; fileRef = 914B83572AA45C560035D2AF /* FeedCell.swift */; };
		914B835A2AA46D8A0035D2AF /* SearchBar.swift in Sources */ = {isa = PBXBuildFile; fileRef = 914B83592AA46D8A0035D2AF /* SearchBar.swift */; };
		914B835C2AA542180035D2AF /* PostGridView.swift in Sources */ = {isa = PBXBuildFile; fileRef = 914B835B2AA542180035D2AF /* PostGridView.swift */; };
		91B0BC382AA5445D008C18DD /* UserListView.swift in Sources */ = {isa = PBXBuildFile; fileRef = 91B0BC372AA5445D008C18DD /* UserListView.swift */; };
		91B0BC3A2AA54467008C18DD /* UserCell.swift in Sources */ = {isa = PBXBuildFile; fileRef = 91B0BC392AA54467008C18DD /* UserCell.swift */; };
		91B0BC3C2AA54B6B008C18DD /* Extensions.swift in Sources */ = {isa = PBXBuildFile; fileRef = 91B0BC3B2AA54B6B008C18DD /* Extensions.swift */; };
		91B0BC3E2AA55505008C18DD /* NotificationCell.swift in Sources */ = {isa = PBXBuildFile; fileRef = 91B0BC3D2AA55505008C18DD /* NotificationCell.swift */; };
		91B0BC402AA5598F008C18DD /* ProfileHeaderView.swift in Sources */ = {isa = PBXBuildFile; fileRef = 91B0BC3F2AA5598F008C18DD /* ProfileHeaderView.swift */; };
/* End PBXBuildFile section */

/* Begin PBXContainerItemProxy section */
		914B83182AA44FA80035D2AF /* PBXContainerItemProxy */ = {
			isa = PBXContainerItemProxy;
			containerPortal = 914B82FE2AA44FA60035D2AF /* Project object */;
			proxyType = 1;
			remoteGlobalIDString = 914B83052AA44FA60035D2AF;
			remoteInfo = InstagramFireStore;
		};
		914B83222AA44FA80035D2AF /* PBXContainerItemProxy */ = {
			isa = PBXContainerItemProxy;
			containerPortal = 914B82FE2AA44FA60035D2AF /* Project object */;
			proxyType = 1;
			remoteGlobalIDString = 914B83052AA44FA60035D2AF;
			remoteInfo = InstagramFireStore;
		};
/* End PBXContainerItemProxy section */

/* Begin PBXFileReference section */
		914B83062AA44FA60035D2AF /* InstagramFireStore.app */ = {isa = PBXFileReference; explicitFileType = wrapper.application; includeInIndex = 0; path = InstagramFireStore.app; sourceTree = BUILT_PRODUCTS_DIR; };
		914B83092AA44FA60035D2AF /* InstagramFireStoreApp.swift */ = {isa = PBXFileReference; lastKnownFileType = sourcecode.swift; path = InstagramFireStoreApp.swift; sourceTree = "<group>"; };
		914B830D2AA44FA80035D2AF /* Assets.xcassets */ = {isa = PBXFileReference; lastKnownFileType = folder.assetcatalog; path = Assets.xcassets; sourceTree = "<group>"; };
		914B830F2AA44FA80035D2AF /* InstagramFireStore.entitlements */ = {isa = PBXFileReference; lastKnownFileType = text.plist.entitlements; path = InstagramFireStore.entitlements; sourceTree = "<group>"; };
		914B83112AA44FA80035D2AF /* Preview Assets.xcassets */ = {isa = PBXFileReference; lastKnownFileType = folder.assetcatalog; path = "Preview Assets.xcassets"; sourceTree = "<group>"; };
		914B83172AA44FA80035D2AF /* InstagramFireStoreTests.xctest */ = {isa = PBXFileReference; explicitFileType = wrapper.cfbundle; includeInIndex = 0; path = InstagramFireStoreTests.xctest; sourceTree = BUILT_PRODUCTS_DIR; };
		914B831B2AA44FA80035D2AF /* InstagramFireStoreTests.swift */ = {isa = PBXFileReference; lastKnownFileType = sourcecode.swift; path = InstagramFireStoreTests.swift; sourceTree = "<group>"; };
		914B83212AA44FA80035D2AF /* InstagramFireStoreUITests.xctest */ = {isa = PBXFileReference; explicitFileType = wrapper.cfbundle; includeInIndex = 0; path = InstagramFireStoreUITests.xctest; sourceTree = BUILT_PRODUCTS_DIR; };
		914B83252AA44FA80035D2AF /* InstagramFireStoreUITests.swift */ = {isa = PBXFileReference; lastKnownFileType = sourcecode.swift; path = InstagramFireStoreUITests.swift; sourceTree = "<group>"; };
		914B83272AA44FA80035D2AF /* InstagramFireStoreUITestsLaunchTests.swift */ = {isa = PBXFileReference; lastKnownFileType = sourcecode.swift; path = InstagramFireStoreUITestsLaunchTests.swift; sourceTree = "<group>"; };
		914B83482AA458770035D2AF /* ContentView.swift */ = {isa = PBXFileReference; lastKnownFileType = sourcecode.swift; path = ContentView.swift; sourceTree = "<group>"; };
		914B834A2AA458C20035D2AF /* MainTabView.swift */ = {isa = PBXFileReference; lastKnownFileType = sourcecode.swift; path = MainTabView.swift; sourceTree = "<group>"; };
		914B834C2AA458EA0035D2AF /* FeedView.swift */ = {isa = PBXFileReference; lastKnownFileType = sourcecode.swift; path = FeedView.swift; sourceTree = "<group>"; };
		914B834F2AA4591C0035D2AF /* SearchView.swift */ = {isa = PBXFileReference; lastKnownFileType = sourcecode.swift; path = SearchView.swift; sourceTree = "<group>"; };
		914B83512AA459300035D2AF /* NotificationView.swift */ = {isa = PBXFileReference; lastKnownFileType = sourcecode.swift; path = NotificationView.swift; sourceTree = "<group>"; };
		914B83532AA4593E0035D2AF /* ProfileView.swift */ = {isa = PBXFileReference; lastKnownFileType = sourcecode.swift; path = ProfileView.swift; sourceTree = "<group>"; };
		914B83552AA4595C0035D2AF /* UploadPostView.swift */ = {isa = PBXFileReference; lastKnownFileType = sourcecode.swift; path = UploadPostView.swift; sourceTree = "<group>"; };
		914B83572AA45C560035D2AF /* FeedCell.swift */ = {isa = PBXFileReference; lastKnownFileType = sourcecode.swift; path = FeedCell.swift; sourceTree = "<group>"; };
		914B83592AA46D8A0035D2AF /* SearchBar.swift */ = {isa = PBXFileReference; lastKnownFileType = sourcecode.swift; path = SearchBar.swift; sourceTree = "<group>"; };
		914B835B2AA542180035D2AF /* PostGridView.swift */ = {isa = PBXFileReference; lastKnownFileType = sourcecode.swift; path = PostGridView.swift; sourceTree = "<group>"; };
		91B0BC372AA5445D008C18DD /* UserListView.swift */ = {isa = PBXFileReference; lastKnownFileType = sourcecode.swift; path = UserListView.swift; sourceTree = "<group>"; };
		91B0BC392AA54467008C18DD /* UserCell.swift */ = {isa = PBXFileReference; lastKnownFileType = sourcecode.swift; path = UserCell.swift; sourceTree = "<group>"; };
		91B0BC3B2AA54B6B008C18DD /* Extensions.swift */ = {isa = PBXFileReference; lastKnownFileType = sourcecode.swift; path = Extensions.swift; sourceTree = "<group>"; };
		91B0BC3D2AA55505008C18DD /* NotificationCell.swift */ = {isa = PBXFileReference; lastKnownFileType = sourcecode.swift; path = NotificationCell.swift; sourceTree = "<group>"; };
		91B0BC3F2AA5598F008C18DD /* ProfileHeaderView.swift */ = {isa = PBXFileReference; lastKnownFileType = sourcecode.swift; path = ProfileHeaderView.swift; sourceTree = "<group>"; };
/* End PBXFileReference section */

/* Begin PBXFrameworksBuildPhase section */
		914B83032AA44FA60035D2AF /* Frameworks */ = {
			isa = PBXFrameworksBuildPhase;
			buildActionMask = 2147483647;
			files = (
			);
			runOnlyForDeploymentPostprocessing = 0;
		};
		914B83142AA44FA80035D2AF /* Frameworks */ = {
			isa = PBXFrameworksBuildPhase;
			buildActionMask = 2147483647;
			files = (
			);
			runOnlyForDeploymentPostprocessing = 0;
		};
		914B831E2AA44FA80035D2AF /* Frameworks */ = {
			isa = PBXFrameworksBuildPhase;
			buildActionMask = 2147483647;
			files = (
			);
			runOnlyForDeploymentPostprocessing = 0;
		};
/* End PBXFrameworksBuildPhase section */

/* Begin PBXGroup section */
		914B82FD2AA44FA60035D2AF = {
			isa = PBXGroup;
			children = (
				914B83082AA44FA60035D2AF /* InstagramFireStore */,
				914B831A2AA44FA80035D2AF /* InstagramFireStoreTests */,
				914B83242AA44FA80035D2AF /* InstagramFireStoreUITests */,
				914B83072AA44FA60035D2AF /* Products */,
			);
			sourceTree = "<group>";
		};
		914B83072AA44FA60035D2AF /* Products */ = {
			isa = PBXGroup;
			children = (
				914B83062AA44FA60035D2AF /* InstagramFireStore.app */,
				914B83172AA44FA80035D2AF /* InstagramFireStoreTests.xctest */,
				914B83212AA44FA80035D2AF /* InstagramFireStoreUITests.xctest */,
			);
			name = Products;
			sourceTree = "<group>";
		};
		914B83082AA44FA60035D2AF /* InstagramFireStore */ = {
			isa = PBXGroup;
			children = (
				914B833A2AA450530035D2AF /* Model */,
				914B83392AA450500035D2AF /* View */,
				914B83382AA450490035D2AF /* ViewModel */,
				914B83372AA450460035D2AF /* Api */,
				914B83362AA450430035D2AF /* UTils */,
				914B83342AA4502C0035D2AF /* New Group */,
				914B83352AA4503B0035D2AF /* New Group */,
				914B83092AA44FA60035D2AF /* InstagramFireStoreApp.swift */,
				914B830D2AA44FA80035D2AF /* Assets.xcassets */,
				914B830F2AA44FA80035D2AF /* InstagramFireStore.entitlements */,
				914B83102AA44FA80035D2AF /* Preview Content */,
			);
			path = InstagramFireStore;
			sourceTree = "<group>";
		};
		914B83102AA44FA80035D2AF /* Preview Content */ = {
			isa = PBXGroup;
			children = (
				914B83112AA44FA80035D2AF /* Preview Assets.xcassets */,
			);
			path = "Preview Content";
			sourceTree = "<group>";
		};
		914B831A2AA44FA80035D2AF /* InstagramFireStoreTests */ = {
			isa = PBXGroup;
			children = (
				914B831B2AA44FA80035D2AF /* InstagramFireStoreTests.swift */,
			);
			path = InstagramFireStoreTests;
			sourceTree = "<group>";
		};
		914B83242AA44FA80035D2AF /* InstagramFireStoreUITests */ = {
			isa = PBXGroup;
			children = (
				914B83252AA44FA80035D2AF /* InstagramFireStoreUITests.swift */,
				914B83272AA44FA80035D2AF /* InstagramFireStoreUITestsLaunchTests.swift */,
			);
			path = InstagramFireStoreUITests;
			sourceTree = "<group>";
		};
		914B83342AA4502C0035D2AF /* New Group */ = {
			isa = PBXGroup;
			children = (
			);
			name = "New Group";
			path = "../New Group";
			sourceTree = "<group>";
		};
		914B83352AA4503B0035D2AF /* New Group */ = {
			isa = PBXGroup;
			children = (
			);
			path = "New Group";
			sourceTree = "<group>";
		};
		914B83362AA450430035D2AF /* UTils */ = {
			isa = PBXGroup;
			children = (
				91B0BC3B2AA54B6B008C18DD /* Extensions.swift */,
			);
			path = UTils;
			sourceTree = "<group>";
		};
		914B83372AA450460035D2AF /* Api */ = {
			isa = PBXGroup;
			children = (
			);
			path = Api;
			sourceTree = "<group>";
		};
		914B83382AA450490035D2AF /* ViewModel */ = {
			isa = PBXGroup;
			children = (
				914B83472AA457FF0035D2AF /* Profile */,
				914B83462AA457FD0035D2AF /* Authentication */,
				914B83452AA457FA0035D2AF /* Notfication */,
				914B83442AA457F80035D2AF /* Feed */,
			);
			path = ViewModel;
			sourceTree = "<group>";
		};
		914B83392AA450500035D2AF /* View */ = {
			isa = PBXGroup;
			children = (
				914B834E2AA4590C0035D2AF /* Search */,
				914B83432AA457030035D2AF /* Items */,
				914B83422AA456EC0035D2AF /* Authentication */,
				914B83412AA456E30035D2AF /* Notification */,
				914B83402AA456AF0035D2AF /* Main */,
				914B833F2AA456AC0035D2AF /* Feed */,
				914B833E2AA456AA0035D2AF /* Profile */,
				914B833D2AA456A40035D2AF /* UploadPost */,
			);
			path = View;
			sourceTree = "<group>";
		};
		914B833A2AA450530035D2AF /* Model */ = {
			isa = PBXGroup;
			children = (
			);
			path = Model;
			sourceTree = "<group>";
		};
		914B833D2AA456A40035D2AF /* UploadPost */ = {
			isa = PBXGroup;
			children = (
				914B83552AA4595C0035D2AF /* UploadPostView.swift */,
			);
			path = UploadPost;
			sourceTree = "<group>";
		};
		914B833E2AA456AA0035D2AF /* Profile */ = {
			isa = PBXGroup;
			children = (
				914B83532AA4593E0035D2AF /* ProfileView.swift */,
				91B0BC3F2AA5598F008C18DD /* ProfileHeaderView.swift */,
			);
			path = Profile;
			sourceTree = "<group>";
		};
		914B833F2AA456AC0035D2AF /* Feed */ = {
			isa = PBXGroup;
			children = (
				914B834C2AA458EA0035D2AF /* FeedView.swift */,
				914B83572AA45C560035D2AF /* FeedCell.swift */,
			);
			path = Feed;
			sourceTree = "<group>";
		};
		914B83402AA456AF0035D2AF /* Main */ = {
			isa = PBXGroup;
			children = (
				914B83482AA458770035D2AF /* ContentView.swift */,
				914B834A2AA458C20035D2AF /* MainTabView.swift */,
			);
			path = Main;
			sourceTree = "<group>";
		};
		914B83412AA456E30035D2AF /* Notification */ = {
			isa = PBXGroup;
			children = (
				914B83512AA459300035D2AF /* NotificationView.swift */,
				91B0BC3D2AA55505008C18DD /* NotificationCell.swift */,
			);
			path = Notification;
			sourceTree = "<group>";
		};
		914B83422AA456EC0035D2AF /* Authentication */ = {
			isa = PBXGroup;
			children = (
			);
			path = Authentication;
			sourceTree = "<group>";
		};
		914B83432AA457030035D2AF /* Items */ = {
			isa = PBXGroup;
			children = (
				914B835B2AA542180035D2AF /* PostGridView.swift */,
				91B0BC372AA5445D008C18DD /* UserListView.swift */,
				91B0BC392AA54467008C18DD /* UserCell.swift */,
			);
			path = Items;
			sourceTree = "<group>";
		};
		914B83442AA457F80035D2AF /* Feed */ = {
			isa = PBXGroup;
			children = (
			);
			path = Feed;
			sourceTree = "<group>";
		};
		914B83452AA457FA0035D2AF /* Notfication */ = {
			isa = PBXGroup;
			children = (
			);
			path = Notfication;
			sourceTree = "<group>";
		};
		914B83462AA457FD0035D2AF /* Authentication */ = {
			isa = PBXGroup;
			children = (
			);
			path = Authentication;
			sourceTree = "<group>";
		};
		914B83472AA457FF0035D2AF /* Profile */ = {
			isa = PBXGroup;
			children = (
			);
			path = Profile;
			sourceTree = "<group>";
		};
		914B834E2AA4590C0035D2AF /* Search */ = {
			isa = PBXGroup;
			children = (
				914B834F2AA4591C0035D2AF /* SearchView.swift */,
				914B83592AA46D8A0035D2AF /* SearchBar.swift */,
			);
			path = Search;
			sourceTree = "<group>";
		};
/* End PBXGroup section */

/* Begin PBXNativeTarget section */
		914B83052AA44FA60035D2AF /* InstagramFireStore */ = {
			isa = PBXNativeTarget;
			buildConfigurationList = 914B832B2AA44FA80035D2AF /* Build configuration list for PBXNativeTarget "InstagramFireStore" */;
			buildPhases = (
				914B83022AA44FA60035D2AF /* Sources */,
				914B83032AA44FA60035D2AF /* Frameworks */,
				914B83042AA44FA60035D2AF /* Resources */,
			);
			buildRules = (
			);
			dependencies = (
			);
			name = InstagramFireStore;
			productName = InstagramFireStore;
			productReference = 914B83062AA44FA60035D2AF /* InstagramFireStore.app */;
			productType = "com.apple.product-type.application";
		};
		914B83162AA44FA80035D2AF /* InstagramFireStoreTests */ = {
			isa = PBXNativeTarget;
			buildConfigurationList = 914B832E2AA44FA80035D2AF /* Build configuration list for PBXNativeTarget "InstagramFireStoreTests" */;
			buildPhases = (
				914B83132AA44FA80035D2AF /* Sources */,
				914B83142AA44FA80035D2AF /* Frameworks */,
				914B83152AA44FA80035D2AF /* Resources */,
			);
			buildRules = (
			);
			dependencies = (
				914B83192AA44FA80035D2AF /* PBXTargetDependency */,
			);
			name = InstagramFireStoreTests;
			productName = InstagramFireStoreTests;
			productReference = 914B83172AA44FA80035D2AF /* InstagramFireStoreTests.xctest */;
			productType = "com.apple.product-type.bundle.unit-test";
		};
		914B83202AA44FA80035D2AF /* InstagramFireStoreUITests */ = {
			isa = PBXNativeTarget;
			buildConfigurationList = 914B83312AA44FA80035D2AF /* Build configuration list for PBXNativeTarget "InstagramFireStoreUITests" */;
			buildPhases = (
				914B831D2AA44FA80035D2AF /* Sources */,
				914B831E2AA44FA80035D2AF /* Frameworks */,
				914B831F2AA44FA80035D2AF /* Resources */,
			);
			buildRules = (
			);
			dependencies = (
				914B83232AA44FA80035D2AF /* PBXTargetDependency */,
			);
			name = InstagramFireStoreUITests;
			productName = InstagramFireStoreUITests;
			productReference = 914B83212AA44FA80035D2AF /* InstagramFireStoreUITests.xctest */;
			productType = "com.apple.product-type.bundle.ui-testing";
		};
/* End PBXNativeTarget section */

/* Begin PBXProject section */
		914B82FE2AA44FA60035D2AF /* Project object */ = {
			isa = PBXProject;
			attributes = {
				BuildIndependentTargetsInParallel = 1;
				LastSwiftUpdateCheck = 1500;
				LastUpgradeCheck = 1500;
				TargetAttributes = {
					914B83052AA44FA60035D2AF = {
						CreatedOnToolsVersion = 15.0;
					};
					914B83162AA44FA80035D2AF = {
						CreatedOnToolsVersion = 15.0;
						TestTargetID = 914B83052AA44FA60035D2AF;
					};
					914B83202AA44FA80035D2AF = {
						CreatedOnToolsVersion = 15.0;
						TestTargetID = 914B83052AA44FA60035D2AF;
					};
				};
			};
			buildConfigurationList = 914B83012AA44FA60035D2AF /* Build configuration list for PBXProject "InstagramFireStore" */;
			compatibilityVersion = "Xcode 14.0";
			developmentRegion = en;
			hasScannedForEncodings = 0;
			knownRegions = (
				en,
				Base,
			);
			mainGroup = 914B82FD2AA44FA60035D2AF;
			productRefGroup = 914B83072AA44FA60035D2AF /* Products */;
			projectDirPath = "";
			projectRoot = "";
			targets = (
				914B83052AA44FA60035D2AF /* InstagramFireStore */,
				914B83162AA44FA80035D2AF /* InstagramFireStoreTests */,
				914B83202AA44FA80035D2AF /* InstagramFireStoreUITests */,
			);
		};
/* End PBXProject section */

/* Begin PBXResourcesBuildPhase section */
		914B83042AA44FA60035D2AF /* Resources */ = {
			isa = PBXResourcesBuildPhase;
			buildActionMask = 2147483647;
			files = (
				914B83122AA44FA80035D2AF /* Preview Assets.xcassets in Resources */,
				914B830E2AA44FA80035D2AF /* Assets.xcassets in Resources */,
			);
			runOnlyForDeploymentPostprocessing = 0;
		};
		914B83152AA44FA80035D2AF /* Resources */ = {
			isa = PBXResourcesBuildPhase;
			buildActionMask = 2147483647;
			files = (
			);
			runOnlyForDeploymentPostprocessing = 0;
		};
		914B831F2AA44FA80035D2AF /* Resources */ = {
			isa = PBXResourcesBuildPhase;
			buildActionMask = 2147483647;
			files = (
			);
			runOnlyForDeploymentPostprocessing = 0;
		};
/* End PBXResourcesBuildPhase section */

/* Begin PBXSourcesBuildPhase section */
		914B83022AA44FA60035D2AF /* Sources */ = {
			isa = PBXSourcesBuildPhase;
			buildActionMask = 2147483647;
			files = (
				914B83502AA4591C0035D2AF /* SearchView.swift in Sources */,
				91B0BC3A2AA54467008C18DD /* UserCell.swift in Sources */,
				914B834D2AA458EA0035D2AF /* FeedView.swift in Sources */,
				914B835C2AA542180035D2AF /* PostGridView.swift in Sources */,
				914B83492AA458770035D2AF /* ContentView.swift in Sources */,
				914B830A2AA44FA60035D2AF /* InstagramFireStoreApp.swift in Sources */,
				914B834B2AA458C20035D2AF /* MainTabView.swift in Sources */,
				91B0BC402AA5598F008C18DD /* ProfileHeaderView.swift in Sources */,
				914B83562AA4595C0035D2AF /* UploadPostView.swift in Sources */,
				91B0BC382AA5445D008C18DD /* UserListView.swift in Sources */,
				914B83542AA4593E0035D2AF /* ProfileView.swift in Sources */,
				914B835A2AA46D8A0035D2AF /* SearchBar.swift in Sources */,
				914B83522AA459300035D2AF /* NotificationView.swift in Sources */,
				914B83582AA45C560035D2AF /* FeedCell.swift in Sources */,
				91B0BC3E2AA55505008C18DD /* NotificationCell.swift in Sources */,
				91B0BC3C2AA54B6B008C18DD /* Extensions.swift in Sources */,
			);
			runOnlyForDeploymentPostprocessing = 0;
		};
		914B83132AA44FA80035D2AF /* Sources */ = {
			isa = PBXSourcesBuildPhase;
			buildActionMask = 2147483647;
			files = (
				914B831C2AA44FA80035D2AF /* InstagramFireStoreTests.swift in Sources */,
			);
			runOnlyForDeploymentPostprocessing = 0;
		};
		914B831D2AA44FA80035D2AF /* Sources */ = {
			isa = PBXSourcesBuildPhase;
			buildActionMask = 2147483647;
			files = (
				914B83262AA44FA80035D2AF /* InstagramFireStoreUITests.swift in Sources */,
				914B83282AA44FA80035D2AF /* InstagramFireStoreUITestsLaunchTests.swift in Sources */,
			);
			runOnlyForDeploymentPostprocessing = 0;
		};
/* End PBXSourcesBuildPhase section */

/* Begin PBXTargetDependency section */
		914B83192AA44FA80035D2AF /* PBXTargetDependency */ = {
			isa = PBXTargetDependency;
			target = 914B83052AA44FA60035D2AF /* InstagramFireStore */;
			targetProxy = 914B83182AA44FA80035D2AF /* PBXContainerItemProxy */;
		};
		914B83232AA44FA80035D2AF /* PBXTargetDependency */ = {
			isa = PBXTargetDependency;
			target = 914B83052AA44FA60035D2AF /* InstagramFireStore */;
			targetProxy = 914B83222AA44FA80035D2AF /* PBXContainerItemProxy */;
		};
/* End PBXTargetDependency section */

/* Begin XCBuildConfiguration section */
		914B83292AA44FA80035D2AF /* Debug */ = {
			isa = XCBuildConfiguration;
			buildSettings = {
				ALWAYS_SEARCH_USER_PATHS = NO;
				ASSETCATALOG_COMPILER_GENERATE_SWIFT_ASSET_SYMBOL_EXTENSIONS = YES;
				CLANG_ANALYZER_NONNULL = YES;
				CLANG_ANALYZER_NUMBER_OBJECT_CONVERSION = YES_AGGRESSIVE;
				CLANG_CXX_LANGUAGE_STANDARD = "gnu++20";
				CLANG_ENABLE_MODULES = YES;
				CLANG_ENABLE_OBJC_ARC = YES;
				CLANG_ENABLE_OBJC_WEAK = YES;
				CLANG_WARN_BLOCK_CAPTURE_AUTORELEASING = YES;
				CLANG_WARN_BOOL_CONVERSION = YES;
				CLANG_WARN_COMMA = YES;
				CLANG_WARN_CONSTANT_CONVERSION = YES;
				CLANG_WARN_DEPRECATED_OBJC_IMPLEMENTATIONS = YES;
				CLANG_WARN_DIRECT_OBJC_ISA_USAGE = YES_ERROR;
				CLANG_WARN_DOCUMENTATION_COMMENTS = YES;
				CLANG_WARN_EMPTY_BODY = YES;
				CLANG_WARN_ENUM_CONVERSION = YES;
				CLANG_WARN_INFINITE_RECURSION = YES;
				CLANG_WARN_INT_CONVERSION = YES;
				CLANG_WARN_NON_LITERAL_NULL_CONVERSION = YES;
				CLANG_WARN_OBJC_IMPLICIT_RETAIN_SELF = YES;
				CLANG_WARN_OBJC_LITERAL_CONVERSION = YES;
				CLANG_WARN_OBJC_ROOT_CLASS = YES_ERROR;
				CLANG_WARN_QUOTED_INCLUDE_IN_FRAMEWORK_HEADER = YES;
				CLANG_WARN_RANGE_LOOP_ANALYSIS = YES;
				CLANG_WARN_STRICT_PROTOTYPES = YES;
				CLANG_WARN_SUSPICIOUS_MOVE = YES;
				CLANG_WARN_UNGUARDED_AVAILABILITY = YES_AGGRESSIVE;
				CLANG_WARN_UNREACHABLE_CODE = YES;
				CLANG_WARN__DUPLICATE_METHOD_MATCH = YES;
				COPY_PHASE_STRIP = NO;
				DEBUG_INFORMATION_FORMAT = dwarf;
				ENABLE_STRICT_OBJC_MSGSEND = YES;
				ENABLE_TESTABILITY = YES;
				ENABLE_USER_SCRIPT_SANDBOXING = YES;
				GCC_C_LANGUAGE_STANDARD = gnu17;
				GCC_DYNAMIC_NO_PIC = NO;
				GCC_NO_COMMON_BLOCKS = YES;
				GCC_OPTIMIZATION_LEVEL = 0;
				GCC_PREPROCESSOR_DEFINITIONS = (
					"DEBUG=1",
					"$(inherited)",
				);
				GCC_WARN_64_TO_32_BIT_CONVERSION = YES;
				GCC_WARN_ABOUT_RETURN_TYPE = YES_ERROR;
				GCC_WARN_UNDECLARED_SELECTOR = YES;
				GCC_WARN_UNINITIALIZED_AUTOS = YES_AGGRESSIVE;
				GCC_WARN_UNUSED_FUNCTION = YES;
				GCC_WARN_UNUSED_VARIABLE = YES;
				LOCALIZATION_PREFERS_STRING_CATALOGS = YES;
				MTL_ENABLE_DEBUG_INFO = INCLUDE_SOURCE;
				MTL_FAST_MATH = YES;
				ONLY_ACTIVE_ARCH = YES;
				SWIFT_ACTIVE_COMPILATION_CONDITIONS = "DEBUG $(inherited)";
				SWIFT_OPTIMIZATION_LEVEL = "-Onone";
			};
			name = Debug;
		};
		914B832A2AA44FA80035D2AF /* Release */ = {
			isa = XCBuildConfiguration;
			buildSettings = {
				ALWAYS_SEARCH_USER_PATHS = NO;
				ASSETCATALOG_COMPILER_GENERATE_SWIFT_ASSET_SYMBOL_EXTENSIONS = YES;
				CLANG_ANALYZER_NONNULL = YES;
				CLANG_ANALYZER_NUMBER_OBJECT_CONVERSION = YES_AGGRESSIVE;
				CLANG_CXX_LANGUAGE_STANDARD = "gnu++20";
				CLANG_ENABLE_MODULES = YES;
				CLANG_ENABLE_OBJC_ARC = YES;
				CLANG_ENABLE_OBJC_WEAK = YES;
				CLANG_WARN_BLOCK_CAPTURE_AUTORELEASING = YES;
				CLANG_WARN_BOOL_CONVERSION = YES;
				CLANG_WARN_COMMA = YES;
				CLANG_WARN_CONSTANT_CONVERSION = YES;
				CLANG_WARN_DEPRECATED_OBJC_IMPLEMENTATIONS = YES;
				CLANG_WARN_DIRECT_OBJC_ISA_USAGE = YES_ERROR;
				CLANG_WARN_DOCUMENTATION_COMMENTS = YES;
				CLANG_WARN_EMPTY_BODY = YES;
				CLANG_WARN_ENUM_CONVERSION = YES;
				CLANG_WARN_INFINITE_RECURSION = YES;
				CLANG_WARN_INT_CONVERSION = YES;
				CLANG_WARN_NON_LITERAL_NULL_CONVERSION = YES;
				CLANG_WARN_OBJC_IMPLICIT_RETAIN_SELF = YES;
				CLANG_WARN_OBJC_LITERAL_CONVERSION = YES;
				CLANG_WARN_OBJC_ROOT_CLASS = YES_ERROR;
				CLANG_WARN_QUOTED_INCLUDE_IN_FRAMEWORK_HEADER = YES;
				CLANG_WARN_RANGE_LOOP_ANALYSIS = YES;
				CLANG_WARN_STRICT_PROTOTYPES = YES;
				CLANG_WARN_SUSPICIOUS_MOVE = YES;
				CLANG_WARN_UNGUARDED_AVAILABILITY = YES_AGGRESSIVE;
				CLANG_WARN_UNREACHABLE_CODE = YES;
				CLANG_WARN__DUPLICATE_METHOD_MATCH = YES;
				COPY_PHASE_STRIP = NO;
				DEBUG_INFORMATION_FORMAT = "dwarf-with-dsym";
				ENABLE_NS_ASSERTIONS = NO;
				ENABLE_STRICT_OBJC_MSGSEND = YES;
				ENABLE_USER_SCRIPT_SANDBOXING = YES;
				GCC_C_LANGUAGE_STANDARD = gnu17;
				GCC_NO_COMMON_BLOCKS = YES;
				GCC_WARN_64_TO_32_BIT_CONVERSION = YES;
				GCC_WARN_ABOUT_RETURN_TYPE = YES_ERROR;
				GCC_WARN_UNDECLARED_SELECTOR = YES;
				GCC_WARN_UNINITIALIZED_AUTOS = YES_AGGRESSIVE;
				GCC_WARN_UNUSED_FUNCTION = YES;
				GCC_WARN_UNUSED_VARIABLE = YES;
				LOCALIZATION_PREFERS_STRING_CATALOGS = YES;
				MTL_ENABLE_DEBUG_INFO = NO;
				MTL_FAST_MATH = YES;
				SWIFT_COMPILATION_MODE = wholemodule;
			};
			name = Release;
		};
		914B832C2AA44FA80035D2AF /* Debug */ = {
			isa = XCBuildConfiguration;
			buildSettings = {
				ASSETCATALOG_COMPILER_APPICON_NAME = AppIcon;
				ASSETCATALOG_COMPILER_GLOBAL_ACCENT_COLOR_NAME = AccentColor;
				CODE_SIGN_ENTITLEMENTS = InstagramFireStore/InstagramFireStore.entitlements;
				CODE_SIGN_STYLE = Automatic;
				CURRENT_PROJECT_VERSION = 1;
				DEVELOPMENT_ASSET_PATHS = "\"InstagramFireStore/Preview Content\"";
				DEVELOPMENT_TEAM = G69Z4H3JF6;
				ENABLE_HARDENED_RUNTIME = YES;
				ENABLE_PREVIEWS = YES;
				GENERATE_INFOPLIST_FILE = YES;
				"INFOPLIST_KEY_UIApplicationSceneManifest_Generation[sdk=iphoneos*]" = YES;
				"INFOPLIST_KEY_UIApplicationSceneManifest_Generation[sdk=iphonesimulator*]" = YES;
				"INFOPLIST_KEY_UIApplicationSupportsIndirectInputEvents[sdk=iphoneos*]" = YES;
				"INFOPLIST_KEY_UIApplicationSupportsIndirectInputEvents[sdk=iphonesimulator*]" = YES;
				"INFOPLIST_KEY_UILaunchScreen_Generation[sdk=iphoneos*]" = YES;
				"INFOPLIST_KEY_UILaunchScreen_Generation[sdk=iphonesimulator*]" = YES;
				"INFOPLIST_KEY_UIStatusBarStyle[sdk=iphoneos*]" = UIStatusBarStyleDefault;
				"INFOPLIST_KEY_UIStatusBarStyle[sdk=iphonesimulator*]" = UIStatusBarStyleDefault;
				INFOPLIST_KEY_UISupportedInterfaceOrientations_iPad = "UIInterfaceOrientationPortrait UIInterfaceOrientationPortraitUpsideDown UIInterfaceOrientationLandscapeLeft UIInterfaceOrientationLandscapeRight";
				INFOPLIST_KEY_UISupportedInterfaceOrientations_iPhone = "UIInterfaceOrientationPortrait UIInterfaceOrientationLandscapeLeft UIInterfaceOrientationLandscapeRight";
				IPHONEOS_DEPLOYMENT_TARGET = 17.0;
				LD_RUNPATH_SEARCH_PATHS = "@executable_path/Frameworks";
				"LD_RUNPATH_SEARCH_PATHS[sdk=macosx*]" = "@executable_path/../Frameworks";
				MACOSX_DEPLOYMENT_TARGET = 14.0;
				MARKETING_VERSION = 1.0;
				PRODUCT_BUNDLE_IDENTIFIER = "Martin-Chibwe.InstagramFireStore";
				PRODUCT_NAME = "$(TARGET_NAME)";
				SDKROOT = auto;
				SUPPORTED_PLATFORMS = "iphoneos iphonesimulator macosx";
				SWIFT_EMIT_LOC_STRINGS = YES;
				SWIFT_VERSION = 5.0;
				TARGETED_DEVICE_FAMILY = "1,2";
			};
			name = Debug;
		};
		914B832D2AA44FA80035D2AF /* Release */ = {
			isa = XCBuildConfiguration;
			buildSettings = {
				ASSETCATALOG_COMPILER_APPICON_NAME = AppIcon;
				ASSETCATALOG_COMPILER_GLOBAL_ACCENT_COLOR_NAME = AccentColor;
				CODE_SIGN_ENTITLEMENTS = InstagramFireStore/InstagramFireStore.entitlements;
				CODE_SIGN_STYLE = Automatic;
				CURRENT_PROJECT_VERSION = 1;
				DEVELOPMENT_ASSET_PATHS = "\"InstagramFireStore/Preview Content\"";
				DEVELOPMENT_TEAM = G69Z4H3JF6;
				ENABLE_HARDENED_RUNTIME = YES;
				ENABLE_PREVIEWS = YES;
				GENERATE_INFOPLIST_FILE = YES;
				"INFOPLIST_KEY_UIApplicationSceneManifest_Generation[sdk=iphoneos*]" = YES;
				"INFOPLIST_KEY_UIApplicationSceneManifest_Generation[sdk=iphonesimulator*]" = YES;
				"INFOPLIST_KEY_UIApplicationSupportsIndirectInputEvents[sdk=iphoneos*]" = YES;
				"INFOPLIST_KEY_UIApplicationSupportsIndirectInputEvents[sdk=iphonesimulator*]" = YES;
				"INFOPLIST_KEY_UILaunchScreen_Generation[sdk=iphoneos*]" = YES;
				"INFOPLIST_KEY_UILaunchScreen_Generation[sdk=iphonesimulator*]" = YES;
				"INFOPLIST_KEY_UIStatusBarStyle[sdk=iphoneos*]" = UIStatusBarStyleDefault;
				"INFOPLIST_KEY_UIStatusBarStyle[sdk=iphonesimulator*]" = UIStatusBarStyleDefault;
				INFOPLIST_KEY_UISupportedInterfaceOrientations_iPad = "UIInterfaceOrientationPortrait UIInterfaceOrientationPortraitUpsideDown UIInterfaceOrientationLandscapeLeft UIInterfaceOrientationLandscapeRight";
				INFOPLIST_KEY_UISupportedInterfaceOrientations_iPhone = "UIInterfaceOrientationPortrait UIInterfaceOrientationLandscapeLeft UIInterfaceOrientationLandscapeRight";
				IPHONEOS_DEPLOYMENT_TARGET = 17.0;
				LD_RUNPATH_SEARCH_PATHS = "@executable_path/Frameworks";
				"LD_RUNPATH_SEARCH_PATHS[sdk=macosx*]" = "@executable_path/../Frameworks";
				MACOSX_DEPLOYMENT_TARGET = 14.0;
				MARKETING_VERSION = 1.0;
				PRODUCT_BUNDLE_IDENTIFIER = "Martin-Chibwe.InstagramFireStore";
				PRODUCT_NAME = "$(TARGET_NAME)";
				SDKROOT = auto;
				SUPPORTED_PLATFORMS = "iphoneos iphonesimulator macosx";
				SWIFT_EMIT_LOC_STRINGS = YES;
				SWIFT_VERSION = 5.0;
				TARGETED_DEVICE_FAMILY = "1,2";
			};
			name = Release;
		};
		914B832F2AA44FA80035D2AF /* Debug */ = {
			isa = XCBuildConfiguration;
			buildSettings = {
				ALWAYS_EMBED_SWIFT_STANDARD_LIBRARIES = YES;
				BUNDLE_LOADER = "$(TEST_HOST)";
				CODE_SIGN_STYLE = Automatic;
				CURRENT_PROJECT_VERSION = 1;
				DEVELOPMENT_TEAM = G69Z4H3JF6;
				GENERATE_INFOPLIST_FILE = YES;
				IPHONEOS_DEPLOYMENT_TARGET = 17.0;
				MACOSX_DEPLOYMENT_TARGET = 14.0;
				MARKETING_VERSION = 1.0;
				PRODUCT_BUNDLE_IDENTIFIER = "Martin-Chibwe.InstagramFireStoreTests";
				PRODUCT_NAME = "$(TARGET_NAME)";
				SDKROOT = auto;
				SUPPORTED_PLATFORMS = "iphoneos iphonesimulator macosx";
				SWIFT_EMIT_LOC_STRINGS = NO;
				SWIFT_VERSION = 5.0;
				TARGETED_DEVICE_FAMILY = "1,2";
				TEST_HOST = "$(BUILT_PRODUCTS_DIR)/InstagramFireStore.app/$(BUNDLE_EXECUTABLE_FOLDER_PATH)/InstagramFireStore";
			};
			name = Debug;
		};
		914B83302AA44FA80035D2AF /* Release */ = {
			isa = XCBuildConfiguration;
			buildSettings = {
				ALWAYS_EMBED_SWIFT_STANDARD_LIBRARIES = YES;
				BUNDLE_LOADER = "$(TEST_HOST)";
				CODE_SIGN_STYLE = Automatic;
				CURRENT_PROJECT_VERSION = 1;
				DEVELOPMENT_TEAM = G69Z4H3JF6;
				GENERATE_INFOPLIST_FILE = YES;
				IPHONEOS_DEPLOYMENT_TARGET = 17.0;
				MACOSX_DEPLOYMENT_TARGET = 14.0;
				MARKETING_VERSION = 1.0;
				PRODUCT_BUNDLE_IDENTIFIER = "Martin-Chibwe.InstagramFireStoreTests";
				PRODUCT_NAME = "$(TARGET_NAME)";
				SDKROOT = auto;
				SUPPORTED_PLATFORMS = "iphoneos iphonesimulator macosx";
				SWIFT_EMIT_LOC_STRINGS = NO;
				SWIFT_VERSION = 5.0;
				TARGETED_DEVICE_FAMILY = "1,2";
				TEST_HOST = "$(BUILT_PRODUCTS_DIR)/InstagramFireStore.app/$(BUNDLE_EXECUTABLE_FOLDER_PATH)/InstagramFireStore";
			};
			name = Release;
		};
		914B83322AA44FA80035D2AF /* Debug */ = {
			isa = XCBuildConfiguration;
			buildSettings = {
				ALWAYS_EMBED_SWIFT_STANDARD_LIBRARIES = YES;
				CODE_SIGN_STYLE = Automatic;
				CURRENT_PROJECT_VERSION = 1;
				DEVELOPMENT_TEAM = G69Z4H3JF6;
				GENERATE_INFOPLIST_FILE = YES;
				IPHONEOS_DEPLOYMENT_TARGET = 17.0;
				MACOSX_DEPLOYMENT_TARGET = 14.0;
				MARKETING_VERSION = 1.0;
				PRODUCT_BUNDLE_IDENTIFIER = "Martin-Chibwe.InstagramFireStoreUITests";
				PRODUCT_NAME = "$(TARGET_NAME)";
				SDKROOT = auto;
				SUPPORTED_PLATFORMS = "iphoneos iphonesimulator macosx";
				SWIFT_EMIT_LOC_STRINGS = NO;
				SWIFT_VERSION = 5.0;
				TARGETED_DEVICE_FAMILY = "1,2";
				TEST_TARGET_NAME = InstagramFireStore;
			};
			name = Debug;
		};
		914B83332AA44FA80035D2AF /* Release */ = {
			isa = XCBuildConfiguration;
			buildSettings = {
				ALWAYS_EMBED_SWIFT_STANDARD_LIBRARIES = YES;
				CODE_SIGN_STYLE = Automatic;
				CURRENT_PROJECT_VERSION = 1;
				DEVELOPMENT_TEAM = G69Z4H3JF6;
				GENERATE_INFOPLIST_FILE = YES;
				IPHONEOS_DEPLOYMENT_TARGET = 17.0;
				MACOSX_DEPLOYMENT_TARGET = 14.0;
				MARKETING_VERSION = 1.0;
				PRODUCT_BUNDLE_IDENTIFIER = "Martin-Chibwe.InstagramFireStoreUITests";
				PRODUCT_NAME = "$(TARGET_NAME)";
				SDKROOT = auto;
				SUPPORTED_PLATFORMS = "iphoneos iphonesimulator macosx";
				SWIFT_EMIT_LOC_STRINGS = NO;
				SWIFT_VERSION = 5.0;
				TARGETED_DEVICE_FAMILY = "1,2";
				TEST_TARGET_NAME = InstagramFireStore;
			};
			name = Release;
		};
/* End XCBuildConfiguration section */

/* Begin XCConfigurationList section */
		914B83012AA44FA60035D2AF /* Build configuration list for PBXProject "InstagramFireStore" */ = {
			isa = XCConfigurationList;
			buildConfigurations = (
				914B83292AA44FA80035D2AF /* Debug */,
				914B832A2AA44FA80035D2AF /* Release */,
			);
			defaultConfigurationIsVisible = 0;
			defaultConfigurationName = Release;
		};
		914B832B2AA44FA80035D2AF /* Build configuration list for PBXNativeTarget "InstagramFireStore" */ = {
			isa = XCConfigurationList;
			buildConfigurations = (
				914B832C2AA44FA80035D2AF /* Debug */,
				914B832D2AA44FA80035D2AF /* Release */,
			);
			defaultConfigurationIsVisible = 0;
			defaultConfigurationName = Release;
		};
		914B832E2AA44FA80035D2AF /* Build configuration list for PBXNativeTarget "InstagramFireStoreTests" */ = {
			isa = XCConfigurationList;
			buildConfigurations = (
				914B832F2AA44FA80035D2AF /* Debug */,
				914B83302AA44FA80035D2AF /* Release */,
			);
			defaultConfigurationIsVisible = 0;
			defaultConfigurationName = Release;
		};
		914B83312AA44FA80035D2AF /* Build configuration list for PBXNativeTarget "InstagramFireStoreUITests" */ = {
			isa = XCConfigurationList;
			buildConfigurations = (
				914B83322AA44FA80035D2AF /* Debug */,
				914B83332AA44FA80035D2AF /* Release */,
			);
			defaultConfigurationIsVisible = 0;
			defaultConfigurationName = Release;
		};
/* End XCConfigurationList section */
	};
	rootObject = 914B82FE2AA44FA60035D2AF /* Project object */;
}
